
Microsoft Visual Studio Solution File, Format Version 12.00
# Visual Studio Version 16
VisualStudioVersion = 16.0.31005.135
MinimumVisualStudioVersion = 10.0.40219.1
Project("{FAE04EC0-301F-11D3-BF4B-00C04F79EFBC}") = "JWT.API", "JWT.API\JWT.API.csproj", "{792357FC-D21D-49A1-8934-AC966A566648}"
EndProject
Project("{FAE04EC0-301F-11D3-BF4B-00C04F79EFBC}") = "JWT.Web", "JWT.Web\JWT.Web.csproj", "{D0644F9E-3834-417A-8071-43367EB3A4A7}"
EndProject
Global
	GlobalSection(SolutionConfigurationPlatforms) = preSolution
		Debug|Any CPU = Debug|Any CPU
		Release|Any CPU = Release|Any CPU
	EndGlobalSection
	GlobalSection(ProjectConfigurationPlatforms) = postSolution
		{792357FC-D21D-49A1-8934-AC966A566648}.Debug|Any CPU.ActiveCfg = Debug|Any CPU
		{792357FC-D21D-49A1-8934-AC966A566648}.Debug|Any CPU.Build.0 = Debug|Any CPU
		{792357FC-D21D-49A1-8934-AC966A566648}.Release|Any CPU.ActiveCfg = Release|Any CPU
		{792357FC-D21D-49A1-8934-AC966A566648}.Release|Any CPU.Build.0 = Release|Any CPU
		{D0644F9E-3834-417A-8071-43367EB3A4A7}.Debug|Any CPU.ActiveCfg = Debug|Any CPU
		{D0644F9E-3834-417A-8071-43367EB3A4A7}.Debug|Any CPU.Build.0 = Debug|Any CPU
		{D0644F9E-3834-417A-8071-43367EB3A4A7}.Release|Any CPU.ActiveCfg = Release|Any CPU
		{D0644F9E-3834-417A-8071-43367EB3A4A7}.Release|Any CPU.Build.0 = Release|Any CPU
	EndGlobalSection
	GlobalSection(SolutionProperties) = preSolution
		HideSolutionNode = FALSE
	EndGlobalSection
	GlobalSection(ExtensibilityGlobals) = postSolution
		SolutionGuid = {5566E710-609B-40B8-8BDD-945198CD8700}
	EndGlobalSection
EndGlobal
